
Microsoft Visual Studio Solution File, Format Version 12.00
# Visual Studio 15
VisualStudioVersion = 15.0.28307.329
MinimumVisualStudioVersion = 10.0.40219.1
Project("{FAE04EC0-301F-11D3-BF4B-00C04F79EFBC}") = "NETAssign2", "NETAssign2\NETAssign2.csproj", "{51AFD8A0-03D6-4EAB-B822-A2E92BE681CF}"
EndProject
Global
	GlobalSection(SolutionConfigurationPlatforms) = preSolution
		Debug|Any CPU = Debug|Any CPU
		Release|Any CPU = Release|Any CPU
	EndGlobalSection
	GlobalSection(ProjectConfigurationPlatforms) = postSolution
		{51AFD8A0-03D6-4EAB-B822-A2E92BE681CF}.Debug|Any CPU.ActiveCfg = Debug|Any CPU
		{51AFD8A0-03D6-4EAB-B822-A2E92BE681CF}.Debug|Any CPU.Build.0 = Debug|Any CPU
		{51AFD8A0-03D6-4EAB-B822-A2E92BE681CF}.Release|Any CPU.ActiveCfg = Release|Any CPU
		{51AFD8A0-03D6-4EAB-B822-A2E92BE681CF}.Release|Any CPU.Build.0 = Release|Any CPU
	EndGlobalSection
	GlobalSection(SolutionProperties) = preSolution
		HideSolutionNode = FALSE
	EndGlobalSection
	GlobalSection(ExtensibilityGlobals) = postSolution
		SolutionGuid = {267815DB-1758-406F-B4CD-83A6DCCD7980}
	EndGlobalSection
EndGlobal
